
Microsoft Visual Studio Solution File, Format Version 12.00
# Visual Studio Version 17
VisualStudioVersion = 17.8.34309.116
MinimumVisualStudioVersion = 10.0.40219.1
Project("{9A19103F-16F7-4668-BE54-9A1E7A4F7556}") = "RabbitTest", "RabbitTest\RabbitTest.csproj", "{BD1388AE-75A5-46AD-B670-7FCF8ECCB530}"
EndProject
Project("{9A19103F-16F7-4668-BE54-9A1E7A4F7556}") = "Consumer", "Consumer\Consumer.csproj", "{F036170C-A0D1-4FBC-B372-6111EB83794D}"
EndProject
Project("{FAE04EC0-301F-11D3-BF4B-00C04F79EFBC}") = "Model", "Model\Model.csproj", "{47522F4D-A06C-404F-8278-1E986A2AE01C}"
EndProject
Project("{FAE04EC0-301F-11D3-BF4B-00C04F79EFBC}") = "RabbitDirectorySender.Console", "RabbitDirectorySender.Console\RabbitDirectorySender.Console.csproj", "{A78B8B18-1745-4563-9C5F-124697B96DDC}"
EndProject
Project("{FAE04EC0-301F-11D3-BF4B-00C04F79EFBC}") = "RabbitDirectoryConsumer.Console", "RabbitDirectoryConsumer.Console\RabbitDirectoryConsumer.Console.csproj", "{87121AB9-BD0E-49F7-882D-6052468D199F}"
EndProject
Global
	GlobalSection(SolutionConfigurationPlatforms) = preSolution
		Debug|Any CPU = Debug|Any CPU
		Release|Any CPU = Release|Any CPU
	EndGlobalSection
	GlobalSection(ProjectConfigurationPlatforms) = postSolution
		{BD1388AE-75A5-46AD-B670-7FCF8ECCB530}.Debug|Any CPU.ActiveCfg = Debug|Any CPU
		{BD1388AE-75A5-46AD-B670-7FCF8ECCB530}.Debug|Any CPU.Build.0 = Debug|Any CPU
		{BD1388AE-75A5-46AD-B670-7FCF8ECCB530}.Release|Any CPU.ActiveCfg = Release|Any CPU
		{BD1388AE-75A5-46AD-B670-7FCF8ECCB530}.Release|Any CPU.Build.0 = Release|Any CPU
		{F036170C-A0D1-4FBC-B372-6111EB83794D}.Debug|Any CPU.ActiveCfg = Debug|Any CPU
		{F036170C-A0D1-4FBC-B372-6111EB83794D}.Debug|Any CPU.Build.0 = Debug|Any CPU
		{F036170C-A0D1-4FBC-B372-6111EB83794D}.Release|Any CPU.ActiveCfg = Release|Any CPU
		{F036170C-A0D1-4FBC-B372-6111EB83794D}.Release|Any CPU.Build.0 = Release|Any CPU
		{47522F4D-A06C-404F-8278-1E986A2AE01C}.Debug|Any CPU.ActiveCfg = Debug|Any CPU
		{47522F4D-A06C-404F-8278-1E986A2AE01C}.Debug|Any CPU.Build.0 = Debug|Any CPU
		{47522F4D-A06C-404F-8278-1E986A2AE01C}.Release|Any CPU.ActiveCfg = Release|Any CPU
		{47522F4D-A06C-404F-8278-1E986A2AE01C}.Release|Any CPU.Build.0 = Release|Any CPU
		{A78B8B18-1745-4563-9C5F-124697B96DDC}.Debug|Any CPU.ActiveCfg = Debug|Any CPU
		{A78B8B18-1745-4563-9C5F-124697B96DDC}.Debug|Any CPU.Build.0 = Debug|Any CPU
		{A78B8B18-1745-4563-9C5F-124697B96DDC}.Release|Any CPU.ActiveCfg = Release|Any CPU
		{A78B8B18-1745-4563-9C5F-124697B96DDC}.Release|Any CPU.Build.0 = Release|Any CPU
		{87121AB9-BD0E-49F7-882D-6052468D199F}.Debug|Any CPU.ActiveCfg = Debug|Any CPU
		{87121AB9-BD0E-49F7-882D-6052468D199F}.Debug|Any CPU.Build.0 = Debug|Any CPU
		{87121AB9-BD0E-49F7-882D-6052468D199F}.Release|Any CPU.ActiveCfg = Release|Any CPU
		{87121AB9-BD0E-49F7-882D-6052468D199F}.Release|Any CPU.Build.0 = Release|Any CPU
	EndGlobalSection
	GlobalSection(SolutionProperties) = preSolution
		HideSolutionNode = FALSE
	EndGlobalSection
	GlobalSection(ExtensibilityGlobals) = postSolution
		SolutionGuid = {6D6D057E-4427-438E-A9F0-6504F8570644}
	EndGlobalSection
EndGlobal
